// !$*UTF8*$!
{
	archiveVersion = 1;
	classes = {
	};
	objectVersion = 46;
	objects = {

/* Begin PBXBuildFile section */
		AA252C6E1E78489F008929FB /* AppDelegate.swift in Sources */ = {isa = PBXBuildFile; fileRef = AA252C6D1E78489F008929FB /* AppDelegate.swift */; };
		AA252C731E78489F008929FB /* Main.storyboard in Resources */ = {isa = PBXBuildFile; fileRef = AA252C711E78489F008929FB /* Main.storyboard */; };
		AA252C751E78489F008929FB /* Assets.xcassets in Resources */ = {isa = PBXBuildFile; fileRef = AA252C741E78489F008929FB /* Assets.xcassets */; };
		AA252C781E78489F008929FB /* LaunchScreen.storyboard in Resources */ = {isa = PBXBuildFile; fileRef = AA252C761E78489F008929FB /* LaunchScreen.storyboard */; };
		AA252C811E784B6E008929FB /* TweetTableViewController.swift in Sources */ = {isa = PBXBuildFile; fileRef = AA252C801E784B6E008929FB /* TweetTableViewController.swift */; };
		AA252C911E785298008929FB /* Twitter.framework in Frameworks */ = {isa = PBXBuildFile; fileRef = AA252C901E785298008929FB /* Twitter.framework */; };
		AA252C921E785298008929FB /* Twitter.framework in Embed Frameworks */ = {isa = PBXBuildFile; fileRef = AA252C901E785298008929FB /* Twitter.framework */; settings = {ATTRIBUTES = (CodeSignOnCopy, RemoveHeadersOnCopy, ); }; };
		AA252C941E785B6E008929FB /* TweetTableViewCell.swift in Sources */ = {isa = PBXBuildFile; fileRef = AA252C931E785B6E008929FB /* TweetTableViewCell.swift */; };
/* End PBXBuildFile section */

/* Begin PBXCopyFilesBuildPhase section */
		AA252C8C1E7850E7008929FB /* Embed Frameworks */ = {
			isa = PBXCopyFilesBuildPhase;
			buildActionMask = 2147483647;
			dstPath = "";
			dstSubfolderSpec = 10;
			files = (
				AA252C921E785298008929FB /* Twitter.framework in Embed Frameworks */,
			);
			name = "Embed Frameworks";
			runOnlyForDeploymentPostprocessing = 0;
		};
/* End PBXCopyFilesBuildPhase section */

/* Begin PBXFileReference section */
		AA252C6A1E78489F008929FB /* Smashtag.app */ = {isa = PBXFileReference; explicitFileType = wrapper.application; includeInIndex = 0; path = Smashtag.app; sourceTree = BUILT_PRODUCTS_DIR; };
		AA252C6D1E78489F008929FB /* AppDelegate.swift */ = {isa = PBXFileReference; lastKnownFileType = sourcecode.swift; path = AppDelegate.swift; sourceTree = "<group>"; };
		AA252C721E78489F008929FB /* Base */ = {isa = PBXFileReference; lastKnownFileType = file.storyboard; name = Base; path = Base.lproj/Main.storyboard; sourceTree = "<group>"; };
		AA252C741E78489F008929FB /* Assets.xcassets */ = {isa = PBXFileReference; lastKnownFileType = folder.assetcatalog; path = Assets.xcassets; sourceTree = "<group>"; };
		AA252C771E78489F008929FB /* Base */ = {isa = PBXFileReference; lastKnownFileType = file.storyboard; name = Base; path = Base.lproj/LaunchScreen.storyboard; sourceTree = "<group>"; };
		AA252C791E78489F008929FB /* Info.plist */ = {isa = PBXFileReference; lastKnownFileType = text.plist.xml; path = Info.plist; sourceTree = "<group>"; };
		AA252C801E784B6E008929FB /* TweetTableViewController.swift */ = {isa = PBXFileReference; fileEncoding = 4; lastKnownFileType = sourcecode.swift; path = TweetTableViewController.swift; sourceTree = "<group>"; };
		AA252C901E785298008929FB /* Twitter.framework */ = {isa = PBXFileReference; explicitFileType = wrapper.framework; path = Twitter.framework; sourceTree = BUILT_PRODUCTS_DIR; };
		AA252C931E785B6E008929FB /* TweetTableViewCell.swift */ = {isa = PBXFileReference; fileEncoding = 4; lastKnownFileType = sourcecode.swift; path = TweetTableViewCell.swift; sourceTree = "<group>"; };
/* End PBXFileReference section */

/* Begin PBXFrameworksBuildPhase section */
		AA252C671E78489F008929FB /* Frameworks */ = {
			isa = PBXFrameworksBuildPhase;
			buildActionMask = 2147483647;
			files = (
				AA252C911E785298008929FB /* Twitter.framework in Frameworks */,
			);
			runOnlyForDeploymentPostprocessing = 0;
		};
/* End PBXFrameworksBuildPhase section */

/* Begin PBXGroup section */
		AA252C611E78489F008929FB = {
			isa = PBXGroup;
			children = (
				AA252C901E785298008929FB /* Twitter.framework */,
				AA252C6C1E78489F008929FB /* Smashtag */,
				AA252C6B1E78489F008929FB /* Products */,
			);
			sourceTree = "<group>";
		};
		AA252C6B1E78489F008929FB /* Products */ = {
			isa = PBXGroup;
			children = (
				AA252C6A1E78489F008929FB /* Smashtag.app */,
			);
			name = Products;
			sourceTree = "<group>";
		};
		AA252C6C1E78489F008929FB /* Smashtag */ = {
			isa = PBXGroup;
			children = (
				AA252C801E784B6E008929FB /* TweetTableViewController.swift */,
				AA252C931E785B6E008929FB /* TweetTableViewCell.swift */,
				AA252C711E78489F008929FB /* Main.storyboard */,
				AA252C791E78489F008929FB /* Info.plist */,
				AA252C7F1E7848BB008929FB /* supporting files */,
			);
			path = Smashtag;
			sourceTree = "<group>";
		};
		AA252C7F1E7848BB008929FB /* supporting files */ = {
			isa = PBXGroup;
			children = (
				AA252C6D1E78489F008929FB /* AppDelegate.swift */,
				AA252C741E78489F008929FB /* Assets.xcassets */,
				AA252C761E78489F008929FB /* LaunchScreen.storyboard */,
			);
			name = "supporting files";
			sourceTree = "<group>";
		};
/* End PBXGroup section */

/* Begin PBXNativeTarget section */
		AA252C691E78489F008929FB /* Smashtag */ = {
			isa = PBXNativeTarget;
			buildConfigurationList = AA252C7C1E78489F008929FB /* Build configuration list for PBXNativeTarget "Smashtag" */;
			buildPhases = (
				AA252C661E78489F008929FB /* Sources */,
				AA252C671E78489F008929FB /* Frameworks */,
				AA252C681E78489F008929FB /* Resources */,
				AA252C8C1E7850E7008929FB /* Embed Frameworks */,
			);
			buildRules = (
			);
			dependencies = (
			);
			name = Smashtag;
			productName = Smashtag;
			productReference = AA252C6A1E78489F008929FB /* Smashtag.app */;
			productType = "com.apple.product-type.application";
		};
/* End PBXNativeTarget section */

/* Begin PBXProject section */
		AA252C621E78489F008929FB /* Project object */ = {
			isa = PBXProject;
			attributes = {
				LastSwiftUpdateCheck = 0820;
				LastUpgradeCheck = 0820;
				ORGANIZATIONNAME = oporas;
				TargetAttributes = {
					AA252C691E78489F008929FB = {
						CreatedOnToolsVersion = 8.2.1;
						DevelopmentTeam = PV3L2ZG6L5;
						ProvisioningStyle = Automatic;
					};
				};
			};
			buildConfigurationList = AA252C651E78489F008929FB /* Build configuration list for PBXProject "Smashtag" */;
			compatibilityVersion = "Xcode 3.2";
			developmentRegion = English;
			hasScannedForEncodings = 0;
			knownRegions = (
				en,
				Base,
			);
			mainGroup = AA252C611E78489F008929FB;
			productRefGroup = AA252C6B1E78489F008929FB /* Products */;
			projectDirPath = "";
			projectRoot = "";
			targets = (
				AA252C691E78489F008929FB /* Smashtag */,
			);
		};
/* End PBXProject section */

/* Begin PBXResourcesBuildPhase section */
		AA252C681E78489F008929FB /* Resources */ = {
			isa = PBXResourcesBuildPhase;
			buildActionMask = 2147483647;
			files = (
				AA252C781E78489F008929FB /* LaunchScreen.storyboard in Resources */,
				AA252C751E78489F008929FB /* Assets.xcassets in Resources */,
				AA252C731E78489F008929FB /* Main.storyboard in Resources */,
			);
			runOnlyForDeploymentPostprocessing = 0;
		};
/* End PBXResourcesBuildPhase section */

/* Begin PBXSourcesBuildPhase section */
		AA252C661E78489F008929FB /* Sources */ = {
			isa = PBXSourcesBuildPhase;
			buildActionMask = 2147483647;
			files = (
				AA252C6E1E78489F008929FB /* AppDelegate.swift in Sources */,
				AA252C811E784B6E008929FB /* TweetTableViewController.swift in Sources */,
				AA252C941E785B6E008929FB /* TweetTableViewCell.swift in Sources */,
			);
			runOnlyForDeploymentPostprocessing = 0;
		};
/* End PBXSourcesBuildPhase section */

/* Begin PBXVariantGroup section */
		AA252C711E78489F008929FB /* Main.storyboard */ = {
			isa = PBXVariantGroup;
			children = (
				AA252C721E78489F008929FB /* Base */,
			);
			name = Main.storyboard;
			sourceTree = "<group>";
		};
		AA252C761E78489F008929FB /* LaunchScreen.storyboard */ = {
			isa = PBXVariantGroup;
			children = (
				AA252C771E78489F008929FB /* Base */,
			);
			name = LaunchScreen.storyboard;
			sourceTree = "<group>";
		};
/* End PBXVariantGroup section */

/* Begin XCBuildConfiguration section */
		AA252C7A1E78489F008929FB /* Debug */ = {
			isa = XCBuildConfiguration;
			buildSettings = {
				ALWAYS_SEARCH_USER_PATHS = NO;
				CLANG_ANALYZER_NONNULL = YES;
				CLANG_CXX_LANGUAGE_STANDARD = "gnu++0x";
				CLANG_CXX_LIBRARY = "libc++";
				CLANG_ENABLE_MODULES = YES;
				CLANG_ENABLE_OBJC_ARC = YES;
				CLANG_WARN_BOOL_CONVERSION = YES;
				CLANG_WARN_CONSTANT_CONVERSION = YES;
				CLANG_WARN_DIRECT_OBJC_ISA_USAGE = YES_ERROR;
				CLANG_WARN_DOCUMENTATION_COMMENTS = YES;
				CLANG_WARN_EMPTY_BODY = YES;
				CLANG_WARN_ENUM_CONVERSION = YES;
				CLANG_WARN_INFINITE_RECURSION = YES;
				CLANG_WARN_INT_CONVERSION = YES;
				CLANG_WARN_OBJC_ROOT_CLASS = YES_ERROR;
				CLANG_WARN_SUSPICIOUS_MOVE = YES;
				CLANG_WARN_UNREACHABLE_CODE = YES;
				CLANG_WARN__DUPLICATE_METHOD_MATCH = YES;
				"CODE_SIGN_IDENTITY[sdk=iphoneos*]" = "iPhone Developer";
				COPY_PHASE_STRIP = NO;
				DEBUG_INFORMATION_FORMAT = dwarf;
				ENABLE_STRICT_OBJC_MSGSEND = YES;
				ENABLE_TESTABILITY = YES;
				GCC_C_LANGUAGE_STANDARD = gnu99;
				GCC_DYNAMIC_NO_PIC = NO;
				GCC_NO_COMMON_BLOCKS = YES;
				GCC_OPTIMIZATION_LEVEL = 0;
				GCC_PREPROCESSOR_DEFINITIONS = (
					"DEBUG=1",
					"$(inherited)",
				);
				GCC_WARN_64_TO_32_BIT_CONVERSION = YES;
				GCC_WARN_ABOUT_RETURN_TYPE = YES_ERROR;
				GCC_WARN_UNDECLARED_SELECTOR = YES;
				GCC_WARN_UNINITIALIZED_AUTOS = YES_AGGRESSIVE;
				GCC_WARN_UNUSED_FUNCTION = YES;
				GCC_WARN_UNUSED_VARIABLE = YES;
				IPHONEOS_DEPLOYMENT_TARGET = 10.2;
				MTL_ENABLE_DEBUG_INFO = YES;
				ONLY_ACTIVE_ARCH = YES;
				SDKROOT = iphoneos;
				SWIFT_ACTIVE_COMPILATION_CONDITIONS = DEBUG;
				SWIFT_OPTIMIZATION_LEVEL = "-Onone";
			};
			name = Debug;
		};
		AA252C7B1E78489F008929FB /* Release */ = {
			isa = XCBuildConfiguration;
			buildSettings = {
				ALWAYS_SEARCH_USER_PATHS = NO;
				CLANG_ANALYZER_NONNULL = YES;
				CLANG_CXX_LANGUAGE_STANDARD = "gnu++0x";
				CLANG_CXX_LIBRARY = "libc++";
				CLANG_ENABLE_MODULES = YES;
				CLANG_ENABLE_OBJC_ARC = YES;
				CLANG_WARN_BOOL_CONVERSION = YES;
				CLANG_WARN_CONSTANT_CONVERSION = YES;
				CLANG_WARN_DIRECT_OBJC_ISA_USAGE = YES_ERROR;
				CLANG_WARN_DOCUMENTATION_COMMENTS = YES;
				CLANG_WARN_EMPTY_BODY = YES;
				CLANG_WARN_ENUM_CONVERSION = YES;
				CLANG_WARN_INFINITE_RECURSION = YES;
				CLANG_WARN_INT_CONVERSION = YES;
				CLANG_WARN_OBJC_ROOT_CLASS = YES_ERROR;
				CLANG_WARN_SUSPICIOUS_MOVE = YES;
				CLANG_WARN_UNREACHABLE_CODE = YES;
				CLANG_WARN__DUPLICATE_METHOD_MATCH = YES;
				"CODE_SIGN_IDENTITY[sdk=iphoneos*]" = "iPhone Developer";
				COPY_PHASE_STRIP = NO;
				DEBUG_INFORMATION_FORMAT = "dwarf-with-dsym";
				ENABLE_NS_ASSERTIONS = NO;
				ENABLE_STRICT_OBJC_MSGSEND = YES;
				GCC_C_LANGUAGE_STANDARD = gnu99;
				GCC_NO_COMMON_BLOCKS = YES;
				GCC_WARN_64_TO_32_BIT_CONVERSION = YES;
				GCC_WARN_ABOUT_RETURN_TYPE = YES_ERROR;
				GCC_WARN_UNDECLARED_SELECTOR = YES;
				GCC_WARN_UNINITIALIZED_AUTOS = YES_AGGRESSIVE;
				GCC_WARN_UNUSED_FUNCTION = YES;
				GCC_WARN_UNUSED_VARIABLE = YES;
				IPHONEOS_DEPLOYMENT_TARGET = 10.2;
				MTL_ENABLE_DEBUG_INFO = NO;
				SDKROOT = iphoneos;
				SWIFT_OPTIMIZATION_LEVEL = "-Owholemodule";
				VALIDATE_PRODUCT = YES;
			};
			name = Release;
		};
		AA252C7D1E78489F008929FB /* Debug */ = {
			isa = XCBuildConfiguration;
			buildSettings = {
				ASSETCATALOG_COMPILER_APPICON_NAME = AppIcon;
				DEVELOPMENT_TEAM = PV3L2ZG6L5;
				INFOPLIST_FILE = Smashtag/Info.plist;
				LD_RUNPATH_SEARCH_PATHS = "$(inherited) @executable_path/Frameworks";
				PRODUCT_BUNDLE_IDENTIFIER = fi.oporas.Smashtag;
				PRODUCT_NAME = "$(TARGET_NAME)";
				SWIFT_VERSION = 3.0;
			};
			name = Debug;
		};
		AA252C7E1E78489F008929FB /* Release */ = {
			isa = XCBuildConfiguration;
			buildSettings = {
				ASSETCATALOG_COMPILER_APPICON_NAME = AppIcon;
				DEVELOPMENT_TEAM = PV3L2ZG6L5;
				INFOPLIST_FILE = Smashtag/Info.plist;
				LD_RUNPATH_SEARCH_PATHS = "$(inherited) @executable_path/Frameworks";
				PRODUCT_BUNDLE_IDENTIFIER = fi.oporas.Smashtag;
				PRODUCT_NAME = "$(TARGET_NAME)";
				SWIFT_VERSION = 3.0;
			};
			name = Release;
		};
/* End XCBuildConfiguration section */

/* Begin XCConfigurationList section */
		AA252C651E78489F008929FB /* Build configuration list for PBXProject "Smashtag" */ = {
			isa = XCConfigurationList;
			buildConfigurations = (
				AA252C7A1E78489F008929FB /* Debug */,
				AA252C7B1E78489F008929FB /* Release */,
			);
			defaultConfigurationIsVisible = 0;
			defaultConfigurationName = Release;
		};
		AA252C7C1E78489F008929FB /* Build configuration list for PBXNativeTarget "Smashtag" */ = {
			isa = XCConfigurationList;
			buildConfigurations = (
				AA252C7D1E78489F008929FB /* Debug */,
				AA252C7E1E78489F008929FB /* Release */,
			);
			defaultConfigurationIsVisible = 0;
			defaultConfigurationName = Release;
		};
/* End XCConfigurationList section */
	};
	rootObject = AA252C621E78489F008929FB /* Project object */;
}
